// !$*UTF8*$!
{
	archiveVersion = 1;
	classes = {
	};
	objectVersion = 55;
	objects = {

/* Begin PBXBuildFile section */
		D48DA30F2820EEA500F7D8A1 /* MoreNavigationView.swift in Sources */ = {isa = PBXBuildFile; fileRef = D48DA30E2820EEA500F7D8A1 /* MoreNavigationView.swift */; };
		D4B84A8D281E30320081522F /* LogoTshirtInfo.swift in Sources */ = {isa = PBXBuildFile; fileRef = D4B84A8C281E30320081522F /* LogoTshirtInfo.swift */; };
		D4B84A8F281E77090081522F /* LogoTshirtInfo2.swift in Sources */ = {isa = PBXBuildFile; fileRef = D4B84A8E281E77090081522F /* LogoTshirtInfo2.swift */; };
		D4B84A91281FA0E50081522F /* RecommendPost.swift in Sources */ = {isa = PBXBuildFile; fileRef = D4B84A90281FA0E50081522F /* RecommendPost.swift */; };
		D4B84A93281FE7340081522F /* RecommendPostView.swift in Sources */ = {isa = PBXBuildFile; fileRef = D4B84A92281FE7340081522F /* RecommendPostView.swift */; };
		D4B84A9528200B340081522F /* PostView.swift in Sources */ = {isa = PBXBuildFile; fileRef = D4B84A9428200B340081522F /* PostView.swift */; };
		D4B84A9728200D540081522F /* PostNavigationView.swift in Sources */ = {isa = PBXBuildFile; fileRef = D4B84A9628200D540081522F /* PostNavigationView.swift */; };
		D4DCDC1E281CF8D800D211BC /* NC1_FelixApp.swift in Sources */ = {isa = PBXBuildFile; fileRef = D4DCDC1D281CF8D800D211BC /* NC1_FelixApp.swift */; };
		D4DCDC20281CF8D800D211BC /* ContentView.swift in Sources */ = {isa = PBXBuildFile; fileRef = D4DCDC1F281CF8D800D211BC /* ContentView.swift */; };
		D4DCDC22281CF8DB00D211BC /* Assets.xcassets in Resources */ = {isa = PBXBuildFile; fileRef = D4DCDC21281CF8DB00D211BC /* Assets.xcassets */; };
		D4DCDC25281CF8DB00D211BC /* Preview Assets.xcassets in Resources */ = {isa = PBXBuildFile; fileRef = D4DCDC24281CF8DB00D211BC /* Preview Assets.xcassets */; };
		D4DCDC2F281CF8DB00D211BC /* NC1_FelixTests.swift in Sources */ = {isa = PBXBuildFile; fileRef = D4DCDC2E281CF8DB00D211BC /* NC1_FelixTests.swift */; };
		D4DCDC39281CF8DB00D211BC /* NC1_FelixUITests.swift in Sources */ = {isa = PBXBuildFile; fileRef = D4DCDC38281CF8DB00D211BC /* NC1_FelixUITests.swift */; };
		D4DCDC3B281CF8DB00D211BC /* NC1_FelixUITestsLaunchTests.swift in Sources */ = {isa = PBXBuildFile; fileRef = D4DCDC3A281CF8DB00D211BC /* NC1_FelixUITestsLaunchTests.swift */; };
		D4DCDC4A281CFF5100D211BC /* ShopView.swift in Sources */ = {isa = PBXBuildFile; fileRef = D4DCDC49281CFF5100D211BC /* ShopView.swift */; };
		D4DCDC52281D050F00D211BC /* FashonTabView.swift in Sources */ = {isa = PBXBuildFile; fileRef = D4DCDC51281D050F00D211BC /* FashonTabView.swift */; };
		D4DCDC54281D063000D211BC /* MyView.swift in Sources */ = {isa = PBXBuildFile; fileRef = D4DCDC53281D063000D211BC /* MyView.swift */; };
		D4DCDC56281D072000D211BC /* MoreView.swift in Sources */ = {isa = PBXBuildFile; fileRef = D4DCDC55281D072000D211BC /* MoreView.swift */; };
		D4DCDC58281D4E3300D211BC /* Tshirt.swift in Sources */ = {isa = PBXBuildFile; fileRef = D4DCDC57281D4E3300D211BC /* Tshirt.swift */; };
/* End PBXBuildFile section */

/* Begin PBXContainerItemProxy section */
		D4DCDC2B281CF8DB00D211BC /* PBXContainerItemProxy */ = {
			isa = PBXContainerItemProxy;
			containerPortal = D4DCDC12281CF8D800D211BC /* Project object */;
			proxyType = 1;
			remoteGlobalIDString = D4DCDC19281CF8D800D211BC;
			remoteInfo = NC1_Felix;
		};
		D4DCDC35281CF8DB00D211BC /* PBXContainerItemProxy */ = {
			isa = PBXContainerItemProxy;
			containerPortal = D4DCDC12281CF8D800D211BC /* Project object */;
			proxyType = 1;
			remoteGlobalIDString = D4DCDC19281CF8D800D211BC;
			remoteInfo = NC1_Felix;
		};
/* End PBXContainerItemProxy section */

/* Begin PBXFileReference section */
		D48DA30E2820EEA500F7D8A1 /* MoreNavigationView.swift */ = {isa = PBXFileReference; lastKnownFileType = sourcecode.swift; path = MoreNavigationView.swift; sourceTree = "<group>"; };
		D4B84A8C281E30320081522F /* LogoTshirtInfo.swift */ = {isa = PBXFileReference; lastKnownFileType = sourcecode.swift; path = LogoTshirtInfo.swift; sourceTree = "<group>"; };
		D4B84A8E281E77090081522F /* LogoTshirtInfo2.swift */ = {isa = PBXFileReference; lastKnownFileType = sourcecode.swift; path = LogoTshirtInfo2.swift; sourceTree = "<group>"; };
		D4B84A90281FA0E50081522F /* RecommendPost.swift */ = {isa = PBXFileReference; lastKnownFileType = sourcecode.swift; path = RecommendPost.swift; sourceTree = "<group>"; };
		D4B84A92281FE7340081522F /* RecommendPostView.swift */ = {isa = PBXFileReference; lastKnownFileType = sourcecode.swift; path = RecommendPostView.swift; sourceTree = "<group>"; };
		D4B84A9428200B340081522F /* PostView.swift */ = {isa = PBXFileReference; lastKnownFileType = sourcecode.swift; path = PostView.swift; sourceTree = "<group>"; };
		D4B84A9628200D540081522F /* PostNavigationView.swift */ = {isa = PBXFileReference; lastKnownFileType = sourcecode.swift; path = PostNavigationView.swift; sourceTree = "<group>"; };
		D4DCDC1A281CF8D800D211BC /* NC1_Felix.app */ = {isa = PBXFileReference; explicitFileType = wrapper.application; includeInIndex = 0; path = NC1_Felix.app; sourceTree = BUILT_PRODUCTS_DIR; };
		D4DCDC1D281CF8D800D211BC /* NC1_FelixApp.swift */ = {isa = PBXFileReference; lastKnownFileType = sourcecode.swift; path = NC1_FelixApp.swift; sourceTree = "<group>"; };
		D4DCDC1F281CF8D800D211BC /* ContentView.swift */ = {isa = PBXFileReference; lastKnownFileType = sourcecode.swift; path = ContentView.swift; sourceTree = "<group>"; };
		D4DCDC21281CF8DB00D211BC /* Assets.xcassets */ = {isa = PBXFileReference; lastKnownFileType = folder.assetcatalog; path = Assets.xcassets; sourceTree = "<group>"; };
		D4DCDC24281CF8DB00D211BC /* Preview Assets.xcassets */ = {isa = PBXFileReference; lastKnownFileType = folder.assetcatalog; path = "Preview Assets.xcassets"; sourceTree = "<group>"; };
		D4DCDC2A281CF8DB00D211BC /* NC1_FelixTests.xctest */ = {isa = PBXFileReference; explicitFileType = wrapper.cfbundle; includeInIndex = 0; path = NC1_FelixTests.xctest; sourceTree = BUILT_PRODUCTS_DIR; };
		D4DCDC2E281CF8DB00D211BC /* NC1_FelixTests.swift */ = {isa = PBXFileReference; lastKnownFileType = sourcecode.swift; path = NC1_FelixTests.swift; sourceTree = "<group>"; };
		D4DCDC34281CF8DB00D211BC /* NC1_FelixUITests.xctest */ = {isa = PBXFileReference; explicitFileType = wrapper.cfbundle; includeInIndex = 0; path = NC1_FelixUITests.xctest; sourceTree = BUILT_PRODUCTS_DIR; };
		D4DCDC38281CF8DB00D211BC /* NC1_FelixUITests.swift */ = {isa = PBXFileReference; lastKnownFileType = sourcecode.swift; path = NC1_FelixUITests.swift; sourceTree = "<group>"; };
		D4DCDC3A281CF8DB00D211BC /* NC1_FelixUITestsLaunchTests.swift */ = {isa = PBXFileReference; lastKnownFileType = sourcecode.swift; path = NC1_FelixUITestsLaunchTests.swift; sourceTree = "<group>"; };
		D4DCDC49281CFF5100D211BC /* ShopView.swift */ = {isa = PBXFileReference; lastKnownFileType = sourcecode.swift; path = ShopView.swift; sourceTree = "<group>"; };
		D4DCDC51281D050F00D211BC /* FashonTabView.swift */ = {isa = PBXFileReference; lastKnownFileType = sourcecode.swift; path = FashonTabView.swift; sourceTree = "<group>"; };
		D4DCDC53281D063000D211BC /* MyView.swift */ = {isa = PBXFileReference; lastKnownFileType = sourcecode.swift; path = MyView.swift; sourceTree = "<group>"; };
		D4DCDC55281D072000D211BC /* MoreView.swift */ = {isa = PBXFileReference; lastKnownFileType = sourcecode.swift; path = MoreView.swift; sourceTree = "<group>"; };
		D4DCDC57281D4E3300D211BC /* Tshirt.swift */ = {isa = PBXFileReference; lastKnownFileType = sourcecode.swift; path = Tshirt.swift; sourceTree = "<group>"; };
/* End PBXFileReference section */

/* Begin PBXFrameworksBuildPhase section */
		D4DCDC17281CF8D800D211BC /* Frameworks */ = {
			isa = PBXFrameworksBuildPhase;
			buildActionMask = 2147483647;
			files = (
			);
			runOnlyForDeploymentPostprocessing = 0;
		};
		D4DCDC27281CF8DB00D211BC /* Frameworks */ = {
			isa = PBXFrameworksBuildPhase;
			buildActionMask = 2147483647;
			files = (
			);
			runOnlyForDeploymentPostprocessing = 0;
		};
		D4DCDC31281CF8DB00D211BC /* Frameworks */ = {
			isa = PBXFrameworksBuildPhase;
			buildActionMask = 2147483647;
			files = (
			);
			runOnlyForDeploymentPostprocessing = 0;
		};
/* End PBXFrameworksBuildPhase section */

/* Begin PBXGroup section */
		D4DCDC11281CF8D800D211BC = {
			isa = PBXGroup;
			children = (
				D4DCDC1C281CF8D800D211BC /* NC1_Felix */,
				D4DCDC2D281CF8DB00D211BC /* NC1_FelixTests */,
				D4DCDC37281CF8DB00D211BC /* NC1_FelixUITests */,
				D4DCDC1B281CF8D800D211BC /* Products */,
			);
			sourceTree = "<group>";
		};
		D4DCDC1B281CF8D800D211BC /* Products */ = {
			isa = PBXGroup;
			children = (
				D4DCDC1A281CF8D800D211BC /* NC1_Felix.app */,
				D4DCDC2A281CF8DB00D211BC /* NC1_FelixTests.xctest */,
				D4DCDC34281CF8DB00D211BC /* NC1_FelixUITests.xctest */,
			);
			name = Products;
			sourceTree = "<group>";
		};
		D4DCDC1C281CF8D800D211BC /* NC1_Felix */ = {
			isa = PBXGroup;
			children = (
				D4DCDC1D281CF8D800D211BC /* NC1_FelixApp.swift */,
				D4DCDC51281D050F00D211BC /* FashonTabView.swift */,
				D4DCDC1F281CF8D800D211BC /* ContentView.swift */,
				D4DCDC57281D4E3300D211BC /* Tshirt.swift */,
				D4B84A8C281E30320081522F /* LogoTshirtInfo.swift */,
				D4B84A8E281E77090081522F /* LogoTshirtInfo2.swift */,
				D4DCDC55281D072000D211BC /* MoreView.swift */,
				D48DA30E2820EEA500F7D8A1 /* MoreNavigationView.swift */,
				D4B84A9628200D540081522F /* PostNavigationView.swift */,
				D4B84A90281FA0E50081522F /* RecommendPost.swift */,
				D4B84A92281FE7340081522F /* RecommendPostView.swift */,
				D4B84A9428200B340081522F /* PostView.swift */,
				D4DCDC49281CFF5100D211BC /* ShopView.swift */,
				D4DCDC53281D063000D211BC /* MyView.swift */,
				D4DCDC21281CF8DB00D211BC /* Assets.xcassets */,
				D4DCDC23281CF8DB00D211BC /* Preview Content */,
			);
			path = NC1_Felix;
			sourceTree = "<group>";
		};
		D4DCDC23281CF8DB00D211BC /* Preview Content */ = {
			isa = PBXGroup;
			children = (
				D4DCDC24281CF8DB00D211BC /* Preview Assets.xcassets */,
			);
			path = "Preview Content";
			sourceTree = "<group>";
		};
		D4DCDC2D281CF8DB00D211BC /* NC1_FelixTests */ = {
			isa = PBXGroup;
			children = (
				D4DCDC2E281CF8DB00D211BC /* NC1_FelixTests.swift */,
			);
			path = NC1_FelixTests;
			sourceTree = "<group>";
		};
		D4DCDC37281CF8DB00D211BC /* NC1_FelixUITests */ = {
			isa = PBXGroup;
			children = (
				D4DCDC38281CF8DB00D211BC /* NC1_FelixUITests.swift */,
				D4DCDC3A281CF8DB00D211BC /* NC1_FelixUITestsLaunchTests.swift */,
			);
			path = NC1_FelixUITests;
			sourceTree = "<group>";
		};
/* End PBXGroup section */

/* Begin PBXNativeTarget section */
		D4DCDC19281CF8D800D211BC /* NC1_Felix */ = {
			isa = PBXNativeTarget;
			buildConfigurationList = D4DCDC3E281CF8DB00D211BC /* Build configuration list for PBXNativeTarget "NC1_Felix" */;
			buildPhases = (
				D4DCDC16281CF8D800D211BC /* Sources */,
				D4DCDC17281CF8D800D211BC /* Frameworks */,
				D4DCDC18281CF8D800D211BC /* Resources */,
			);
			buildRules = (
			);
			dependencies = (
			);
			name = NC1_Felix;
			productName = NC1_Felix;
			productReference = D4DCDC1A281CF8D800D211BC /* NC1_Felix.app */;
			productType = "com.apple.product-type.application";
		};
		D4DCDC29281CF8DB00D211BC /* NC1_FelixTests */ = {
			isa = PBXNativeTarget;
			buildConfigurationList = D4DCDC41281CF8DB00D211BC /* Build configuration list for PBXNativeTarget "NC1_FelixTests" */;
			buildPhases = (
				D4DCDC26281CF8DB00D211BC /* Sources */,
				D4DCDC27281CF8DB00D211BC /* Frameworks */,
				D4DCDC28281CF8DB00D211BC /* Resources */,
			);
			buildRules = (
			);
			dependencies = (
				D4DCDC2C281CF8DB00D211BC /* PBXTargetDependency */,
			);
			name = NC1_FelixTests;
			productName = NC1_FelixTests;
			productReference = D4DCDC2A281CF8DB00D211BC /* NC1_FelixTests.xctest */;
			productType = "com.apple.product-type.bundle.unit-test";
		};
		D4DCDC33281CF8DB00D211BC /* NC1_FelixUITests */ = {
			isa = PBXNativeTarget;
			buildConfigurationList = D4DCDC44281CF8DB00D211BC /* Build configuration list for PBXNativeTarget "NC1_FelixUITests" */;
			buildPhases = (
				D4DCDC30281CF8DB00D211BC /* Sources */,
				D4DCDC31281CF8DB00D211BC /* Frameworks */,
				D4DCDC32281CF8DB00D211BC /* Resources */,
			);
			buildRules = (
			);
			dependencies = (
				D4DCDC36281CF8DB00D211BC /* PBXTargetDependency */,
			);
			name = NC1_FelixUITests;
			productName = NC1_FelixUITests;
			productReference = D4DCDC34281CF8DB00D211BC /* NC1_FelixUITests.xctest */;
			productType = "com.apple.product-type.bundle.ui-testing";
		};
/* End PBXNativeTarget section */

/* Begin PBXProject section */
		D4DCDC12281CF8D800D211BC /* Project object */ = {
			isa = PBXProject;
			attributes = {
				BuildIndependentTargetsInParallel = 1;
				LastSwiftUpdateCheck = 1330;
				LastUpgradeCheck = 1330;
				TargetAttributes = {
					D4DCDC19281CF8D800D211BC = {
						CreatedOnToolsVersion = 13.3.1;
					};
					D4DCDC29281CF8DB00D211BC = {
						CreatedOnToolsVersion = 13.3.1;
						TestTargetID = D4DCDC19281CF8D800D211BC;
					};
					D4DCDC33281CF8DB00D211BC = {
						CreatedOnToolsVersion = 13.3.1;
						TestTargetID = D4DCDC19281CF8D800D211BC;
					};
				};
			};
			buildConfigurationList = D4DCDC15281CF8D800D211BC /* Build configuration list for PBXProject "NC1_Felix" */;
			compatibilityVersion = "Xcode 13.0";
			developmentRegion = en;
			hasScannedForEncodings = 0;
			knownRegions = (
				en,
				Base,
			);
			mainGroup = D4DCDC11281CF8D800D211BC;
			productRefGroup = D4DCDC1B281CF8D800D211BC /* Products */;
			projectDirPath = "";
			projectRoot = "";
			targets = (
				D4DCDC19281CF8D800D211BC /* NC1_Felix */,
				D4DCDC29281CF8DB00D211BC /* NC1_FelixTests */,
				D4DCDC33281CF8DB00D211BC /* NC1_FelixUITests */,
			);
		};
/* End PBXProject section */

/* Begin PBXResourcesBuildPhase section */
		D4DCDC18281CF8D800D211BC /* Resources */ = {
			isa = PBXResourcesBuildPhase;
			buildActionMask = 2147483647;
			files = (
				D4DCDC25281CF8DB00D211BC /* Preview Assets.xcassets in Resources */,
				D4DCDC22281CF8DB00D211BC /* Assets.xcassets in Resources */,
			);
			runOnlyForDeploymentPostprocessing = 0;
		};
		D4DCDC28281CF8DB00D211BC /* Resources */ = {
			isa = PBXResourcesBuildPhase;
			buildActionMask = 2147483647;
			files = (
			);
			runOnlyForDeploymentPostprocessing = 0;
		};
		D4DCDC32281CF8DB00D211BC /* Resources */ = {
			isa = PBXResourcesBuildPhase;
			buildActionMask = 2147483647;
			files = (
			);
			runOnlyForDeploymentPostprocessing = 0;
		};
/* End PBXResourcesBuildPhase section */

/* Begin PBXSourcesBuildPhase section */
		D4DCDC16281CF8D800D211BC /* Sources */ = {
			isa = PBXSourcesBuildPhase;
			buildActionMask = 2147483647;
			files = (
				D4DCDC20281CF8D800D211BC /* ContentView.swift in Sources */,
				D4DCDC56281D072000D211BC /* MoreView.swift in Sources */,
				D4B84A8D281E30320081522F /* LogoTshirtInfo.swift in Sources */,
				D4B84A8F281E77090081522F /* LogoTshirtInfo2.swift in Sources */,
				D4DCDC4A281CFF5100D211BC /* ShopView.swift in Sources */,
				D4DCDC58281D4E3300D211BC /* Tshirt.swift in Sources */,
				D4B84A91281FA0E50081522F /* RecommendPost.swift in Sources */,
				D4DCDC54281D063000D211BC /* MyView.swift in Sources */,
				D4DCDC1E281CF8D800D211BC /* NC1_FelixApp.swift in Sources */,
				D48DA30F2820EEA500F7D8A1 /* MoreNavigationView.swift in Sources */,
				D4DCDC52281D050F00D211BC /* FashonTabView.swift in Sources */,
				D4B84A9728200D540081522F /* PostNavigationView.swift in Sources */,
				D4B84A9528200B340081522F /* PostView.swift in Sources */,
				D4B84A93281FE7340081522F /* RecommendPostView.swift in Sources */,
			);
			runOnlyForDeploymentPostprocessing = 0;
		};
		D4DCDC26281CF8DB00D211BC /* Sources */ = {
			isa = PBXSourcesBuildPhase;
			buildActionMask = 2147483647;
			files = (
				D4DCDC2F281CF8DB00D211BC /* NC1_FelixTests.swift in Sources */,
			);
			runOnlyForDeploymentPostprocessing = 0;
		};
		D4DCDC30281CF8DB00D211BC /* Sources */ = {
			isa = PBXSourcesBuildPhase;
			buildActionMask = 2147483647;
			files = (
				D4DCDC3B281CF8DB00D211BC /* NC1_FelixUITestsLaunchTests.swift in Sources */,
				D4DCDC39281CF8DB00D211BC /* NC1_FelixUITests.swift in Sources */,
			);
			runOnlyForDeploymentPostprocessing = 0;
		};
/* End PBXSourcesBuildPhase section */

/* Begin PBXTargetDependency section */
		D4DCDC2C281CF8DB00D211BC /* PBXTargetDependency */ = {
			isa = PBXTargetDependency;
			target = D4DCDC19281CF8D800D211BC /* NC1_Felix */;
			targetProxy = D4DCDC2B281CF8DB00D211BC /* PBXContainerItemProxy */;
		};
		D4DCDC36281CF8DB00D211BC /* PBXTargetDependency */ = {
			isa = PBXTargetDependency;
			target = D4DCDC19281CF8D800D211BC /* NC1_Felix */;
			targetProxy = D4DCDC35281CF8DB00D211BC /* PBXContainerItemProxy */;
		};
/* End PBXTargetDependency section */

/* Begin XCBuildConfiguration section */
		D4DCDC3C281CF8DB00D211BC /* Debug */ = {
			isa = XCBuildConfiguration;
			buildSettings = {
				ALWAYS_SEARCH_USER_PATHS = NO;
				CLANG_ANALYZER_NONNULL = YES;
				CLANG_ANALYZER_NUMBER_OBJECT_CONVERSION = YES_AGGRESSIVE;
				CLANG_CXX_LANGUAGE_STANDARD = "gnu++17";
				CLANG_ENABLE_MODULES = YES;
				CLANG_ENABLE_OBJC_ARC = YES;
				CLANG_ENABLE_OBJC_WEAK = YES;
				CLANG_WARN_BLOCK_CAPTURE_AUTORELEASING = YES;
				CLANG_WARN_BOOL_CONVERSION = YES;
				CLANG_WARN_COMMA = YES;
				CLANG_WARN_CONSTANT_CONVERSION = YES;
				CLANG_WARN_DEPRECATED_OBJC_IMPLEMENTATIONS = YES;
				CLANG_WARN_DIRECT_OBJC_ISA_USAGE = YES_ERROR;
				CLANG_WARN_DOCUMENTATION_COMMENTS = YES;
				CLANG_WARN_EMPTY_BODY = YES;
				CLANG_WARN_ENUM_CONVERSION = YES;
				CLANG_WARN_INFINITE_RECURSION = YES;
				CLANG_WARN_INT_CONVERSION = YES;
				CLANG_WARN_NON_LITERAL_NULL_CONVERSION = YES;
				CLANG_WARN_OBJC_IMPLICIT_RETAIN_SELF = YES;
				CLANG_WARN_OBJC_LITERAL_CONVERSION = YES;
				CLANG_WARN_OBJC_ROOT_CLASS = YES_ERROR;
				CLANG_WARN_QUOTED_INCLUDE_IN_FRAMEWORK_HEADER = YES;
				CLANG_WARN_RANGE_LOOP_ANALYSIS = YES;
				CLANG_WARN_STRICT_PROTOTYPES = YES;
				CLANG_WARN_SUSPICIOUS_MOVE = YES;
				CLANG_WARN_UNGUARDED_AVAILABILITY = YES_AGGRESSIVE;
				CLANG_WARN_UNREACHABLE_CODE = YES;
				CLANG_WARN__DUPLICATE_METHOD_MATCH = YES;
				COPY_PHASE_STRIP = NO;
				DEBUG_INFORMATION_FORMAT = dwarf;
				ENABLE_STRICT_OBJC_MSGSEND = YES;
				ENABLE_TESTABILITY = YES;
				GCC_C_LANGUAGE_STANDARD = gnu11;
				GCC_DYNAMIC_NO_PIC = NO;
				GCC_NO_COMMON_BLOCKS = YES;
				GCC_OPTIMIZATION_LEVEL = 0;
				GCC_PREPROCESSOR_DEFINITIONS = (
					"DEBUG=1",
					"$(inherited)",
				);
				GCC_WARN_64_TO_32_BIT_CONVERSION = YES;
				GCC_WARN_ABOUT_RETURN_TYPE = YES_ERROR;
				GCC_WARN_UNDECLARED_SELECTOR = YES;
				GCC_WARN_UNINITIALIZED_AUTOS = YES_AGGRESSIVE;
				GCC_WARN_UNUSED_FUNCTION = YES;
				GCC_WARN_UNUSED_VARIABLE = YES;
				IPHONEOS_DEPLOYMENT_TARGET = 15.4;
				MTL_ENABLE_DEBUG_INFO = INCLUDE_SOURCE;
				MTL_FAST_MATH = YES;
				ONLY_ACTIVE_ARCH = YES;
				SDKROOT = iphoneos;
				SWIFT_ACTIVE_COMPILATION_CONDITIONS = DEBUG;
				SWIFT_OPTIMIZATION_LEVEL = "-Onone";
			};
			name = Debug;
		};
		D4DCDC3D281CF8DB00D211BC /* Release */ = {
			isa = XCBuildConfiguration;
			buildSettings = {
				ALWAYS_SEARCH_USER_PATHS = NO;
				CLANG_ANALYZER_NONNULL = YES;
				CLANG_ANALYZER_NUMBER_OBJECT_CONVERSION = YES_AGGRESSIVE;
				CLANG_CXX_LANGUAGE_STANDARD = "gnu++17";
				CLANG_ENABLE_MODULES = YES;
				CLANG_ENABLE_OBJC_ARC = YES;
				CLANG_ENABLE_OBJC_WEAK = YES;
				CLANG_WARN_BLOCK_CAPTURE_AUTORELEASING = YES;
				CLANG_WARN_BOOL_CONVERSION = YES;
				CLANG_WARN_COMMA = YES;
				CLANG_WARN_CONSTANT_CONVERSION = YES;
				CLANG_WARN_DEPRECATED_OBJC_IMPLEMENTATIONS = YES;
				CLANG_WARN_DIRECT_OBJC_ISA_USAGE = YES_ERROR;
				CLANG_WARN_DOCUMENTATION_COMMENTS = YES;
				CLANG_WARN_EMPTY_BODY = YES;
				CLANG_WARN_ENUM_CONVERSION = YES;
				CLANG_WARN_INFINITE_RECURSION = YES;
				CLANG_WARN_INT_CONVERSION = YES;
				CLANG_WARN_NON_LITERAL_NULL_CONVERSION = YES;
				CLANG_WARN_OBJC_IMPLICIT_RETAIN_SELF = YES;
				CLANG_WARN_OBJC_LITERAL_CONVERSION = YES;
				CLANG_WARN_OBJC_ROOT_CLASS = YES_ERROR;
				CLANG_WARN_QUOTED_INCLUDE_IN_FRAMEWORK_HEADER = YES;
				CLANG_WARN_RANGE_LOOP_ANALYSIS = YES;
				CLANG_WARN_STRICT_PROTOTYPES = YES;
				CLANG_WARN_SUSPICIOUS_MOVE = YES;
				CLANG_WARN_UNGUARDED_AVAILABILITY = YES_AGGRESSIVE;
				CLANG_WARN_UNREACHABLE_CODE = YES;
				CLANG_WARN__DUPLICATE_METHOD_MATCH = YES;
				COPY_PHASE_STRIP = NO;
				DEBUG_INFORMATION_FORMAT = "dwarf-with-dsym";
				ENABLE_NS_ASSERTIONS = NO;
				ENABLE_STRICT_OBJC_MSGSEND = YES;
				GCC_C_LANGUAGE_STANDARD = gnu11;
				GCC_NO_COMMON_BLOCKS = YES;
				GCC_WARN_64_TO_32_BIT_CONVERSION = YES;
				GCC_WARN_ABOUT_RETURN_TYPE = YES_ERROR;
				GCC_WARN_UNDECLARED_SELECTOR = YES;
				GCC_WARN_UNINITIALIZED_AUTOS = YES_AGGRESSIVE;
				GCC_WARN_UNUSED_FUNCTION = YES;
				GCC_WARN_UNUSED_VARIABLE = YES;
				IPHONEOS_DEPLOYMENT_TARGET = 15.4;
				MTL_ENABLE_DEBUG_INFO = NO;
				MTL_FAST_MATH = YES;
				SDKROOT = iphoneos;
				SWIFT_COMPILATION_MODE = wholemodule;
				SWIFT_OPTIMIZATION_LEVEL = "-O";
				VALIDATE_PRODUCT = YES;
			};
			name = Release;
		};
		D4DCDC3F281CF8DB00D211BC /* Debug */ = {
			isa = XCBuildConfiguration;
			buildSettings = {
				ASSETCATALOG_COMPILER_APPICON_NAME = AppIcon;
				ASSETCATALOG_COMPILER_GLOBAL_ACCENT_COLOR_NAME = AccentColor;
				CODE_SIGN_STYLE = Automatic;
				CURRENT_PROJECT_VERSION = 1;
				DEVELOPMENT_ASSET_PATHS = "\"NC1_Felix/Preview Content\"";
				DEVELOPMENT_TEAM = "";
				ENABLE_PREVIEWS = YES;
				GENERATE_INFOPLIST_FILE = YES;
				INFOPLIST_KEY_UIApplicationSceneManifest_Generation = YES;
				INFOPLIST_KEY_UIApplicationSupportsIndirectInputEvents = YES;
				INFOPLIST_KEY_UILaunchScreen_Generation = YES;
				INFOPLIST_KEY_UISupportedInterfaceOrientations_iPad = "UIInterfaceOrientationPortrait UIInterfaceOrientationPortraitUpsideDown UIInterfaceOrientationLandscapeLeft UIInterfaceOrientationLandscapeRight";
				INFOPLIST_KEY_UISupportedInterfaceOrientations_iPhone = "UIInterfaceOrientationPortrait UIInterfaceOrientationLandscapeLeft UIInterfaceOrientationLandscapeRight";
				LD_RUNPATH_SEARCH_PATHS = (
					"$(inherited)",
					"@executable_path/Frameworks",
				);
				MARKETING_VERSION = 1.0;
				PRODUCT_BUNDLE_IDENTIFIER = "com.felix.NC1-Felix";
				PRODUCT_NAME = "$(TARGET_NAME)";
				SWIFT_EMIT_LOC_STRINGS = YES;
				SWIFT_VERSION = 5.0;
				TARGETED_DEVICE_FAMILY = "1,2";
			};
			name = Debug;
		};
		D4DCDC40281CF8DB00D211BC /* Release */ = {
			isa = XCBuildConfiguration;
			buildSettings = {
				ASSETCATALOG_COMPILER_APPICON_NAME = AppIcon;
				ASSETCATALOG_COMPILER_GLOBAL_ACCENT_COLOR_NAME = AccentColor;
				CODE_SIGN_STYLE = Automatic;
				CURRENT_PROJECT_VERSION = 1;
				DEVELOPMENT_ASSET_PATHS = "\"NC1_Felix/Preview Content\"";
				DEVELOPMENT_TEAM = "";
				ENABLE_PREVIEWS = YES;
				GENERATE_INFOPLIST_FILE = YES;
				INFOPLIST_KEY_UIApplicationSceneManifest_Generation = YES;
				INFOPLIST_KEY_UIApplicationSupportsIndirectInputEvents = YES;
				INFOPLIST_KEY_UILaunchScreen_Generation = YES;
				INFOPLIST_KEY_UISupportedInterfaceOrientations_iPad = "UIInterfaceOrientationPortrait UIInterfaceOrientationPortraitUpsideDown UIInterfaceOrientationLandscapeLeft UIInterfaceOrientationLandscapeRight";
				INFOPLIST_KEY_UISupportedInterfaceOrientations_iPhone = "UIInterfaceOrientationPortrait UIInterfaceOrientationLandscapeLeft UIInterfaceOrientationLandscapeRight";
				LD_RUNPATH_SEARCH_PATHS = (
					"$(inherited)",
					"@executable_path/Frameworks",
				);
				MARKETING_VERSION = 1.0;
				PRODUCT_BUNDLE_IDENTIFIER = "com.felix.NC1-Felix";
				PRODUCT_NAME = "$(TARGET_NAME)";
				SWIFT_EMIT_LOC_STRINGS = YES;
				SWIFT_VERSION = 5.0;
				TARGETED_DEVICE_FAMILY = "1,2";
			};
			name = Release;
		};
		D4DCDC42281CF8DB00D211BC /* Debug */ = {
			isa = XCBuildConfiguration;
			buildSettings = {
				ALWAYS_EMBED_SWIFT_STANDARD_LIBRARIES = YES;
				BUNDLE_LOADER = "$(TEST_HOST)";
				CODE_SIGN_STYLE = Automatic;
				CURRENT_PROJECT_VERSION = 1;
				GENERATE_INFOPLIST_FILE = YES;
				IPHONEOS_DEPLOYMENT_TARGET = 15.4;
				MARKETING_VERSION = 1.0;
				PRODUCT_BUNDLE_IDENTIFIER = "com.felix.NC1-FelixTests";
				PRODUCT_NAME = "$(TARGET_NAME)";
				SWIFT_EMIT_LOC_STRINGS = NO;
				SWIFT_VERSION = 5.0;
				TARGETED_DEVICE_FAMILY = "1,2";
				TEST_HOST = "$(BUILT_PRODUCTS_DIR)/NC1_Felix.app/NC1_Felix";
			};
			name = Debug;
		};
		D4DCDC43281CF8DB00D211BC /* Release */ = {
			isa = XCBuildConfiguration;
			buildSettings = {
				ALWAYS_EMBED_SWIFT_STANDARD_LIBRARIES = YES;
				BUNDLE_LOADER = "$(TEST_HOST)";
				CODE_SIGN_STYLE = Automatic;
				CURRENT_PROJECT_VERSION = 1;
				GENERATE_INFOPLIST_FILE = YES;
				IPHONEOS_DEPLOYMENT_TARGET = 15.4;
				MARKETING_VERSION = 1.0;
				PRODUCT_BUNDLE_IDENTIFIER = "com.felix.NC1-FelixTests";
				PRODUCT_NAME = "$(TARGET_NAME)";
				SWIFT_EMIT_LOC_STRINGS = NO;
				SWIFT_VERSION = 5.0;
				TARGETED_DEVICE_FAMILY = "1,2";
				TEST_HOST = "$(BUILT_PRODUCTS_DIR)/NC1_Felix.app/NC1_Felix";
			};
			name = Release;
		};
		D4DCDC45281CF8DB00D211BC /* Debug */ = {
			isa = XCBuildConfiguration;
			buildSettings = {
				ALWAYS_EMBED_SWIFT_STANDARD_LIBRARIES = YES;
				CODE_SIGN_STYLE = Automatic;
				CURRENT_PROJECT_VERSION = 1;
				GENERATE_INFOPLIST_FILE = YES;
				MARKETING_VERSION = 1.0;
				PRODUCT_BUNDLE_IDENTIFIER = "com.felix.NC1-FelixUITests";
				PRODUCT_NAME = "$(TARGET_NAME)";
				SWIFT_EMIT_LOC_STRINGS = NO;
				SWIFT_VERSION = 5.0;
				TARGETED_DEVICE_FAMILY = "1,2";
				TEST_TARGET_NAME = NC1_Felix;
			};
			name = Debug;
		};
		D4DCDC46281CF8DB00D211BC /* Release */ = {
			isa = XCBuildConfiguration;
			buildSettings = {
				ALWAYS_EMBED_SWIFT_STANDARD_LIBRARIES = YES;
				CODE_SIGN_STYLE = Automatic;
				CURRENT_PROJECT_VERSION = 1;
				GENERATE_INFOPLIST_FILE = YES;
				MARKETING_VERSION = 1.0;
				PRODUCT_BUNDLE_IDENTIFIER = "com.felix.NC1-FelixUITests";
				PRODUCT_NAME = "$(TARGET_NAME)";
				SWIFT_EMIT_LOC_STRINGS = NO;
				SWIFT_VERSION = 5.0;
				TARGETED_DEVICE_FAMILY = "1,2";
				TEST_TARGET_NAME = NC1_Felix;
			};
			name = Release;
		};
/* End XCBuildConfiguration section */

/* Begin XCConfigurationList section */
		D4DCDC15281CF8D800D211BC /* Build configuration list for PBXProject "NC1_Felix" */ = {
			isa = XCConfigurationList;
			buildConfigurations = (
				D4DCDC3C281CF8DB00D211BC /* Debug */,
				D4DCDC3D281CF8DB00D211BC /* Release */,
			);
			defaultConfigurationIsVisible = 0;
			defaultConfigurationName = Release;
		};
		D4DCDC3E281CF8DB00D211BC /* Build configuration list for PBXNativeTarget "NC1_Felix" */ = {
			isa = XCConfigurationList;
			buildConfigurations = (
				D4DCDC3F281CF8DB00D211BC /* Debug */,
				D4DCDC40281CF8DB00D211BC /* Release */,
			);
			defaultConfigurationIsVisible = 0;
			defaultConfigurationName = Release;
		};
		D4DCDC41281CF8DB00D211BC /* Build configuration list for PBXNativeTarget "NC1_FelixTests" */ = {
			isa = XCConfigurationList;
			buildConfigurations = (
				D4DCDC42281CF8DB00D211BC /* Debug */,
				D4DCDC43281CF8DB00D211BC /* Release */,
			);
			defaultConfigurationIsVisible = 0;
			defaultConfigurationName = Release;
		};
		D4DCDC44281CF8DB00D211BC /* Build configuration list for PBXNativeTarget "NC1_FelixUITests" */ = {
			isa = XCConfigurationList;
			buildConfigurations = (
				D4DCDC45281CF8DB00D211BC /* Debug */,
				D4DCDC46281CF8DB00D211BC /* Release */,
			);
			defaultConfigurationIsVisible = 0;
			defaultConfigurationName = Release;
		};
/* End XCConfigurationList section */
	};
	rootObject = D4DCDC12281CF8D800D211BC /* Project object */;
}
